
Microsoft Visual Studio Solution File, Format Version 12.00
Project("{FAE04EC0-301F-11D3-BF4B-00C04F79EFBC}") = "TaskManager.Domain", "TaskManager.Domain\TaskManager.Domain.csproj", "{9AC6FD82-C7AC-41B8-922E-92E87642D07F}"
EndProject
Project("{FAE04EC0-301F-11D3-BF4B-00C04F79EFBC}") = "TaskManager.Application", "TaskManager.Application\TaskManager.Application.csproj", "{1C9EA163-08F7-478B-8157-7E5742F88FD9}"
EndProject
Project("{FAE04EC0-301F-11D3-BF4B-00C04F79EFBC}") = "TaskManager.Infrastructure", "TaskManager.Infrastructure\TaskManager.Infrastructure.csproj", "{E0E9AA2F-9C23-4082-9AED-1281901B95E0}"
EndProject
Project("{FAE04EC0-301F-11D3-BF4B-00C04F79EFBC}") = "TaskManager.WebApi", "TaskManager.WebApi\TaskManager.WebApi.csproj", "{4B32FAF5-7D71-4FE1-A37D-EB2895102153}"
EndProject
Global
	GlobalSection(SolutionConfigurationPlatforms) = preSolution
		Debug|Any CPU = Debug|Any CPU
		Release|Any CPU = Release|Any CPU
	EndGlobalSection
	GlobalSection(ProjectConfigurationPlatforms) = postSolution
		{9AC6FD82-C7AC-41B8-922E-92E87642D07F}.Debug|Any CPU.ActiveCfg = Debug|Any CPU
		{9AC6FD82-C7AC-41B8-922E-92E87642D07F}.Debug|Any CPU.Build.0 = Debug|Any CPU
		{9AC6FD82-C7AC-41B8-922E-92E87642D07F}.Release|Any CPU.ActiveCfg = Release|Any CPU
		{9AC6FD82-C7AC-41B8-922E-92E87642D07F}.Release|Any CPU.Build.0 = Release|Any CPU
		{1C9EA163-08F7-478B-8157-7E5742F88FD9}.Debug|Any CPU.ActiveCfg = Debug|Any CPU
		{1C9EA163-08F7-478B-8157-7E5742F88FD9}.Debug|Any CPU.Build.0 = Debug|Any CPU
		{1C9EA163-08F7-478B-8157-7E5742F88FD9}.Release|Any CPU.ActiveCfg = Release|Any CPU
		{1C9EA163-08F7-478B-8157-7E5742F88FD9}.Release|Any CPU.Build.0 = Release|Any CPU
		{E0E9AA2F-9C23-4082-9AED-1281901B95E0}.Debug|Any CPU.ActiveCfg = Debug|Any CPU
		{E0E9AA2F-9C23-4082-9AED-1281901B95E0}.Debug|Any CPU.Build.0 = Debug|Any CPU
		{E0E9AA2F-9C23-4082-9AED-1281901B95E0}.Release|Any CPU.ActiveCfg = Release|Any CPU
		{E0E9AA2F-9C23-4082-9AED-1281901B95E0}.Release|Any CPU.Build.0 = Release|Any CPU
		{4B32FAF5-7D71-4FE1-A37D-EB2895102153}.Debug|Any CPU.ActiveCfg = Debug|Any CPU
		{4B32FAF5-7D71-4FE1-A37D-EB2895102153}.Debug|Any CPU.Build.0 = Debug|Any CPU
		{4B32FAF5-7D71-4FE1-A37D-EB2895102153}.Release|Any CPU.ActiveCfg = Release|Any CPU
		{4B32FAF5-7D71-4FE1-A37D-EB2895102153}.Release|Any CPU.Build.0 = Release|Any CPU
	EndGlobalSection
EndGlobal
